<?xml version="1.0" encoding="utf-8"?>
<Project ToolsVersion="4.0" xmlns="http://schemas.microsoft.com/developer/msbuild/2003">
  <ItemGroup>
    <Filter Include="源文件">
      <UniqueIdentifier>{4FC737F1-C7A5-4376-A066-2A32D752A2FF}</UniqueIdentifier>
      <Extensions>cpp;c;cc;cxx;def;odl;idl;hpj;bat;asm;asmx</Extensions>
    </Filter>
    <Filter Include="头文件">
      <UniqueIdentifier>{93995380-89BD-4b04-88EB-625FBE52EBFB}</UniqueIdentifier>
      <Extensions>h;hpp;hxx;hm;inl;inc;xsd</Extensions>
    </Filter>
    <Filter Include="资源文件">
      <UniqueIdentifier>{67DA6AB6-F800-4c08-8B7A-83BB121AAD01}</UniqueIdentifier>
      <Extensions>rc;ico;cur;bmp;dlg;rc2;rct;bin;rgs;gif;jpg;jpeg;jpe;resx;tiff;tif;png;wav;mfcribbon-ms</Extensions>
    </Filter>
  </ItemGroup>
  <ItemGroup>
    <None Include="ReadMe.txt" />
    <None Include="UserImages.bmp">
      <Filter>资源文件</Filter>
    </None>
    <None Include="res\FlyCap.rc2">
      <Filter>资源文件</Filter>
    </None>
    <None Include="res\FlyCapDoc.ico">
      <Filter>资源文件</Filter>
    </None>
    <None Include="res\FlyCap.ico">
      <Filter>资源文件</Filter>
    </None>
    <None Include="res\Toolbar.bmp">
      <Filter>资源文件</Filter>
    </None>
    <None Include="res\Toolbar256.bmp">
      <Filter>资源文件</Filter>
    </None>
    <None Include="ClassDiagram1.cd" />
    <None Include="ClassDiagram2.cd" />
    <None Include="C:\Documents and Settings\Administrator\桌面\wf template compare\projectImage.bmp">
      <Filter>资源文件</Filter>
    </None>
  </ItemGroup>
  <ItemGroup>
    <ClInclude Include="FlyCap.h">
      <Filter>头文件</Filter>
    </ClInclude>
    <ClInclude Include="stdafx.h">
      <Filter>头文件</Filter>
    </ClInclude>
    <ClInclude Include="targetver.h">
      <Filter>头文件</Filter>
    </ClInclude>
    <ClInclude Include="MainFrm.h">
      <Filter>头文件</Filter>
    </ClInclude>
    <ClInclude Include="FlyCapDoc.h">
      <Filter>头文件</Filter>
    </ClInclude>
    <ClInclude Include="FlyCapView.h">
      <Filter>头文件</Filter>
    </ClInclude>
    <ClInclude Include="Resource.h">
      <Filter>头文件</Filter>
    </ClInclude>
    <ClInclude Include="FrameRateCounter.h">
      <Filter>头文件</Filter>
    </ClInclude>
    <ClInclude Include="FontDisplay.h">
      <Filter>头文件</Filter>
    </ClInclude>
    <ClInclude Include="AeraWordPic.h">
      <Filter>头文件</Filter>
    </ClInclude>
    <ClInclude Include="PicAlgorithm.h">
      <Filter>头文件</Filter>
    </ClInclude>
    <ClInclude Include="ImageProcess.h">
      <Filter>头文件</Filter>
    </ClInclude>
    <ClInclude Include="ImageDao.h">
      <Filter>头文件</Filter>
    </ClInclude>
    <ClInclude Include="CameraDao.h">
      <Filter>头文件</Filter>
    </ClInclude>
    <ClInclude Include="CameraDaoImpl.h">
      <Filter>头文件</Filter>
    </ClInclude>
    <ClInclude Include="ImageDaoImpl.h">
      <Filter>头文件</Filter>
    </ClInclude>
    <ClInclude Include="KeyLocation.h">
      <Filter>头文件</Filter>
    </ClInclude>
    <ClInclude Include="FindKeyPositonDao.h">
      <Filter>头文件</Filter>
    </ClInclude>
    <ClInclude Include="FindKeyPositionDaoImpl.h">
      <Filter>头文件</Filter>
    </ClInclude>
    <ClInclude Include="BackgroundUpdateDao.h">
      <Filter>头文件</Filter>
    </ClInclude>
    <ClInclude Include="BackgroundUpdateDaoImpl.h">
      <Filter>头文件</Filter>
    </ClInclude>
  </ItemGroup>
  <ItemGroup>
    <ClCompile Include="FlyCap.cpp">
      <Filter>源文件</Filter>
    </ClCompile>
    <ClCompile Include="stdafx.cpp">
      <Filter>源文件</Filter>
    </ClCompile>
    <ClCompile Include="MainFrm.cpp">
      <Filter>源文件</Filter>
    </ClCompile>
    <ClCompile Include="FlyCapDoc.cpp">
      <Filter>源文件</Filter>
    </ClCompile>
    <ClCompile Include="FlyCapView.cpp">
      <Filter>源文件</Filter>
    </ClCompile>
    <ClCompile Include="FrameRateCounter.cpp">
      <Filter>源文件</Filter>
    </ClCompile>
    <ClCompile Include="FontDisplay.cpp">
      <Filter>源文件</Filter>
    </ClCompile>
    <ClCompile Include="AeraWordPic.cpp">
      <Filter>源文件</Filter>
    </ClCompile>
    <ClCompile Include="PicAlgorithm.cpp">
      <Filter>源文件</Filter>
    </ClCompile>
    <ClCompile Include="ImageProcess.cpp">
      <Filter>源文件</Filter>
    </ClCompile>
    <ClCompile Include="ImageDao.cpp">
      <Filter>源文件</Filter>
    </ClCompile>
    <ClCompile Include="CameraDao.cpp">
      <Filter>源文件</Filter>
    </ClCompile>
    <ClCompile Include="CameraDaoImpl.cpp">
      <Filter>源文件</Filter>
    </ClCompile>
    <ClCompile Include="ImageDaoImpl.cpp">
      <Filter>源文件</Filter>
    </ClCompile>
    <ClCompile Include="KeyLocation.cpp">
      <Filter>源文件</Filter>
    </ClCompile>
    <ClCompile Include="FindKeyPositonDao.cpp">
      <Filter>源文件</Filter>
    </ClCompile>
    <ClCompile Include="FindKeyPositionDaoImpl.cpp">
      <Filter>源文件</Filter>
    </ClCompile>
    <ClCompile Include="BackgroundUpdateDao.cpp">
      <Filter>源文件</Filter>
    </ClCompile>
    <ClCompile Include="BackgroundUpdateDaoImpl.cpp">
      <Filter>源文件</Filter>
    </ClCompile>
  </ItemGroup>
  <ItemGroup>
    <ResourceCompile Include="FlyCap.rc">
      <Filter>资源文件</Filter>
    </ResourceCompile>
  </ItemGroup>
</Project>